
Microsoft Visual Studio Solution File, Format Version 12.00
# Visual Studio 2013
VisualStudioVersion = 12.0.30501.0
MinimumVisualStudioVersion = 10.0.40219.1
Project("{FAE04EC0-301F-11D3-BF4B-00C04F79EFBC}") = "CalculatorUsingMEF", "CalculatorUsingMEF\CalculatorUsingMEF.csproj", "{7EBE0925-C28D-4FD3-BD4A-7C82758329DD}"
EndProject
Project("{FAE04EC0-301F-11D3-BF4B-00C04F79EFBC}") = "Contract", "Contract\Contract.csproj", "{BCF9E8F0-7900-48F2-A12E-6187F29D25A5}"
EndProject
Project("{FAE04EC0-301F-11D3-BF4B-00C04F79EFBC}") = "CompositionHelper", "Composition\CompositionHelper.csproj", "{A3D38DD0-D960-43C8-A5A1-EA4739093730}"
EndProject
Project("{FAE04EC0-301F-11D3-BF4B-00C04F79EFBC}") = "ExportComponents", "ExportComponents\ExportComponents.csproj", "{A85F959A-848A-48F0-BA1D-6CD3AA76FE4A}"
EndProject
Global
	GlobalSection(SolutionConfigurationPlatforms) = preSolution
		Debug|Any CPU = Debug|Any CPU
		Release|Any CPU = Release|Any CPU
	EndGlobalSection
	GlobalSection(ProjectConfigurationPlatforms) = postSolution
		{7EBE0925-C28D-4FD3-BD4A-7C82758329DD}.Debug|Any CPU.ActiveCfg = Debug|Any CPU
		{7EBE0925-C28D-4FD3-BD4A-7C82758329DD}.Debug|Any CPU.Build.0 = Debug|Any CPU
		{7EBE0925-C28D-4FD3-BD4A-7C82758329DD}.Release|Any CPU.ActiveCfg = Release|Any CPU
		{7EBE0925-C28D-4FD3-BD4A-7C82758329DD}.Release|Any CPU.Build.0 = Release|Any CPU
		{BCF9E8F0-7900-48F2-A12E-6187F29D25A5}.Debug|Any CPU.ActiveCfg = Debug|Any CPU
		{BCF9E8F0-7900-48F2-A12E-6187F29D25A5}.Debug|Any CPU.Build.0 = Debug|Any CPU
		{BCF9E8F0-7900-48F2-A12E-6187F29D25A5}.Release|Any CPU.ActiveCfg = Release|Any CPU
		{BCF9E8F0-7900-48F2-A12E-6187F29D25A5}.Release|Any CPU.Build.0 = Release|Any CPU
		{A3D38DD0-D960-43C8-A5A1-EA4739093730}.Debug|Any CPU.ActiveCfg = Debug|Any CPU
		{A3D38DD0-D960-43C8-A5A1-EA4739093730}.Debug|Any CPU.Build.0 = Debug|Any CPU
		{A3D38DD0-D960-43C8-A5A1-EA4739093730}.Release|Any CPU.ActiveCfg = Release|Any CPU
		{A3D38DD0-D960-43C8-A5A1-EA4739093730}.Release|Any CPU.Build.0 = Release|Any CPU
		{A85F959A-848A-48F0-BA1D-6CD3AA76FE4A}.Debug|Any CPU.ActiveCfg = Debug|Any CPU
		{A85F959A-848A-48F0-BA1D-6CD3AA76FE4A}.Debug|Any CPU.Build.0 = Debug|Any CPU
		{A85F959A-848A-48F0-BA1D-6CD3AA76FE4A}.Release|Any CPU.ActiveCfg = Release|Any CPU
		{A85F959A-848A-48F0-BA1D-6CD3AA76FE4A}.Release|Any CPU.Build.0 = Release|Any CPU
	EndGlobalSection
	GlobalSection(SolutionProperties) = preSolution
		HideSolutionNode = FALSE
	EndGlobalSection
EndGlobal
