
Microsoft Visual Studio Solution File, Format Version 12.00
# Visual Studio 15
VisualStudioVersion = 15.0.26730.12
MinimumVisualStudioVersion = 10.0.40219.1
Project("{FAE04EC0-301F-11D3-BF4B-00C04F79EFBC}") = "Order-System", "Order-System\Order-System.csproj", "{94BF5720-038D-486D-B59A-828A17E01628}"
EndProject
Global
	GlobalSection(SolutionConfigurationPlatforms) = preSolution
		Debug|Any CPU = Debug|Any CPU
		Release|Any CPU = Release|Any CPU
	EndGlobalSection
	GlobalSection(ProjectConfigurationPlatforms) = postSolution
		{94BF5720-038D-486D-B59A-828A17E01628}.Debug|Any CPU.ActiveCfg = Debug|Any CPU
		{94BF5720-038D-486D-B59A-828A17E01628}.Debug|Any CPU.Build.0 = Debug|Any CPU
		{94BF5720-038D-486D-B59A-828A17E01628}.Release|Any CPU.ActiveCfg = Release|Any CPU
		{94BF5720-038D-486D-B59A-828A17E01628}.Release|Any CPU.Build.0 = Release|Any CPU
	EndGlobalSection
	GlobalSection(SolutionProperties) = preSolution
		HideSolutionNode = FALSE
	EndGlobalSection
	GlobalSection(ExtensibilityGlobals) = postSolution
		SolutionGuid = {2762A362-F8FA-4F5E-B2E1-E22301890719}
	EndGlobalSection
EndGlobal
